
Microsoft Visual Studio Solution File, Format Version 11.00
# Visual Studio 2010
Project("{E24C65DC-7377-472B-9ABA-BC803B73C61A}") = "WebSite6", "WebSite6\", "{0A6A94A6-32BD-4897-BEC0-A3A403C8033D}"
	ProjectSection(WebsiteProperties) = preProject
		TargetFrameworkMoniker = ".NETFramework,Version%3Dv4.0"
		Debug.AspNetCompiler.VirtualPath = "/WebSite6"
		Debug.AspNetCompiler.PhysicalPath = "WebSite6\"
		Debug.AspNetCompiler.TargetPath = "PrecompiledWeb\WebSite6\"
		Debug.AspNetCompiler.Updateable = "true"
		Debug.AspNetCompiler.ForceOverwrite = "true"
		Debug.AspNetCompiler.FixedNames = "false"
		Debug.AspNetCompiler.Debug = "True"
		Release.AspNetCompiler.VirtualPath = "/WebSite6"
		Release.AspNetCompiler.PhysicalPath = "WebSite6\"
		Release.AspNetCompiler.TargetPath = "PrecompiledWeb\WebSite6\"
		Release.AspNetCompiler.Updateable = "true"
		Release.AspNetCompiler.ForceOverwrite = "true"
		Release.AspNetCompiler.FixedNames = "false"
		Release.AspNetCompiler.Debug = "False"
		VWDPort = "1083"
	EndProjectSection
EndProject
Global
	GlobalSection(SolutionConfigurationPlatforms) = preSolution
		Debug|Any CPU = Debug|Any CPU
	EndGlobalSection
	GlobalSection(ProjectConfigurationPlatforms) = postSolution
		{0A6A94A6-32BD-4897-BEC0-A3A403C8033D}.Debug|Any CPU.ActiveCfg = Debug|Any CPU
		{0A6A94A6-32BD-4897-BEC0-A3A403C8033D}.Debug|Any CPU.Build.0 = Debug|Any CPU
	EndGlobalSection
	GlobalSection(SolutionProperties) = preSolution
		HideSolutionNode = FALSE
	EndGlobalSection
EndGlobal
